
Microsoft Visual Studio Solution File, Format Version 12.00
# Visual Studio Version 16
VisualStudioVersion = 16.0.30611.23
MinimumVisualStudioVersion = 10.0.40219.1
Project("{FAE04EC0-301F-11D3-BF4B-00C04F79EFBC}") = "Repository", "Repository\Repository.csproj", "{20BA7328-A3B2-4D77-A38B-7FCBB7D88B75}"
EndProject
Project("{FAE04EC0-301F-11D3-BF4B-00C04F79EFBC}") = "Repository.AS400", "Repository.AS400\Repository.AS400.csproj", "{BABD93AA-F908-437F-B2EF-4AD7793A2E4E}"
EndProject
Project("{FAE04EC0-301F-11D3-BF4B-00C04F79EFBC}") = "Repository.Framework", "Repository.Framework\Repository.Framework.csproj", "{8884B725-F9B2-4AD0-8F0C-706B0D7BB7F5}"
EndProject
Project("{FAE04EC0-301F-11D3-BF4B-00C04F79EFBC}") = "Repository.Oracle", "Repository.Oracle\Repository.Oracle.csproj", "{6767C863-E671-4057-86E9-B2F433666965}"
EndProject
Project("{FAE04EC0-301F-11D3-BF4B-00C04F79EFBC}") = "Repository.SqlServer", "Repository.SqlServer\Repository.SqlServer.csproj", "{51855F3B-423A-4241-8E26-278A1885AA1C}"
EndProject
Project("{FAE04EC0-301F-11D3-BF4B-00C04F79EFBC}") = "Repository.Test.EntityFramework5", "Repository.Test.EntityFramework5\Repository.Test.EntityFramework5.csproj", "{91454056-FC8B-4EF1-9B69-26685C447166}"
EndProject
Project("{FAE04EC0-301F-11D3-BF4B-00C04F79EFBC}") = "Repository.EntityFramework5", "Repository.EntityFramework5\Repository.EntityFramework5.csproj", "{EE020D60-9011-4017-A281-A24C54CE3CF6}"
EndProject
Global
	GlobalSection(SolutionConfigurationPlatforms) = preSolution
		Debug|Any CPU = Debug|Any CPU
		Release|Any CPU = Release|Any CPU
	EndGlobalSection
	GlobalSection(ProjectConfigurationPlatforms) = postSolution
		{20BA7328-A3B2-4D77-A38B-7FCBB7D88B75}.Debug|Any CPU.ActiveCfg = Debug|Any CPU
		{20BA7328-A3B2-4D77-A38B-7FCBB7D88B75}.Debug|Any CPU.Build.0 = Debug|Any CPU
		{20BA7328-A3B2-4D77-A38B-7FCBB7D88B75}.Release|Any CPU.ActiveCfg = Release|Any CPU
		{20BA7328-A3B2-4D77-A38B-7FCBB7D88B75}.Release|Any CPU.Build.0 = Release|Any CPU
		{BABD93AA-F908-437F-B2EF-4AD7793A2E4E}.Debug|Any CPU.ActiveCfg = Debug|Any CPU
		{BABD93AA-F908-437F-B2EF-4AD7793A2E4E}.Debug|Any CPU.Build.0 = Debug|Any CPU
		{BABD93AA-F908-437F-B2EF-4AD7793A2E4E}.Release|Any CPU.ActiveCfg = Release|Any CPU
		{BABD93AA-F908-437F-B2EF-4AD7793A2E4E}.Release|Any CPU.Build.0 = Release|Any CPU
		{8884B725-F9B2-4AD0-8F0C-706B0D7BB7F5}.Debug|Any CPU.ActiveCfg = Debug|Any CPU
		{8884B725-F9B2-4AD0-8F0C-706B0D7BB7F5}.Debug|Any CPU.Build.0 = Debug|Any CPU
		{8884B725-F9B2-4AD0-8F0C-706B0D7BB7F5}.Release|Any CPU.ActiveCfg = Release|Any CPU
		{8884B725-F9B2-4AD0-8F0C-706B0D7BB7F5}.Release|Any CPU.Build.0 = Release|Any CPU
		{6767C863-E671-4057-86E9-B2F433666965}.Debug|Any CPU.ActiveCfg = Debug|Any CPU
		{6767C863-E671-4057-86E9-B2F433666965}.Debug|Any CPU.Build.0 = Debug|Any CPU
		{6767C863-E671-4057-86E9-B2F433666965}.Release|Any CPU.ActiveCfg = Release|Any CPU
		{6767C863-E671-4057-86E9-B2F433666965}.Release|Any CPU.Build.0 = Release|Any CPU
		{51855F3B-423A-4241-8E26-278A1885AA1C}.Debug|Any CPU.ActiveCfg = Debug|Any CPU
		{51855F3B-423A-4241-8E26-278A1885AA1C}.Debug|Any CPU.Build.0 = Debug|Any CPU
		{51855F3B-423A-4241-8E26-278A1885AA1C}.Release|Any CPU.ActiveCfg = Release|Any CPU
		{51855F3B-423A-4241-8E26-278A1885AA1C}.Release|Any CPU.Build.0 = Release|Any CPU
		{91454056-FC8B-4EF1-9B69-26685C447166}.Debug|Any CPU.ActiveCfg = Debug|Any CPU
		{91454056-FC8B-4EF1-9B69-26685C447166}.Debug|Any CPU.Build.0 = Debug|Any CPU
		{91454056-FC8B-4EF1-9B69-26685C447166}.Release|Any CPU.ActiveCfg = Release|Any CPU
		{91454056-FC8B-4EF1-9B69-26685C447166}.Release|Any CPU.Build.0 = Release|Any CPU
		{EE020D60-9011-4017-A281-A24C54CE3CF6}.Debug|Any CPU.ActiveCfg = Debug|Any CPU
		{EE020D60-9011-4017-A281-A24C54CE3CF6}.Debug|Any CPU.Build.0 = Debug|Any CPU
		{EE020D60-9011-4017-A281-A24C54CE3CF6}.Release|Any CPU.ActiveCfg = Release|Any CPU
		{EE020D60-9011-4017-A281-A24C54CE3CF6}.Release|Any CPU.Build.0 = Release|Any CPU
	EndGlobalSection
	GlobalSection(SolutionProperties) = preSolution
		HideSolutionNode = FALSE
	EndGlobalSection
	GlobalSection(ExtensibilityGlobals) = postSolution
		SolutionGuid = {45B15E29-FBF2-4870-B8E2-0553C6143CD5}
	EndGlobalSection
EndGlobal
